// !$*UTF8*$!
{
	archiveVersion = 1;
	classes = {
	};
	objectVersion = 46;
	objects = {

/* Begin PBXBuildFile section */
		860273CA17673B3800D08D6C /* IAPAdapter.m in Sources */ = {isa = PBXBuildFile; fileRef = 860273C917673B3800D08D6C /* IAPAdapter.m */; };
		860273CC17673F5B00D08D6C /* StoreKit.framework in Frameworks */ = {isa = PBXBuildFile; fileRef = 860273CB17673F5B00D08D6C /* StoreKit.framework */; };
		860273CF1767459900D08D6C /* ThinkGamingIAPAdapter.m in Sources */ = {isa = PBXBuildFile; fileRef = 860273CE1767459900D08D6C /* ThinkGamingIAPAdapter.m */; };
		865E8BC417674CD1007DCE32 /* IAPProductListViewController.m in Sources */ = {isa = PBXBuildFile; fileRef = 865E8BC317674CD1007DCE32 /* IAPProductListViewController.m */; };
		865E8BC717674CE9007DCE32 /* IAPProductListTableViewController.m in Sources */ = {isa = PBXBuildFile; fileRef = 865E8BC617674CE9007DCE32 /* IAPProductListTableViewController.m */; };
		86AB6D1E1768DE2E00152BD9 /* IAPProductCell.m in Sources */ = {isa = PBXBuildFile; fileRef = 86AB6D1D1768DE2E00152BD9 /* IAPProductCell.m */; };
		86B1847D175CC12800D41466 /* UIKit.framework in Frameworks */ = {isa = PBXBuildFile; fileRef = 86B1847C175CC12800D41466 /* UIKit.framework */; };
		86B1847F175CC12800D41466 /* Foundation.framework in Frameworks */ = {isa = PBXBuildFile; fileRef = 86B1847E175CC12800D41466 /* Foundation.framework */; };
		86B18481175CC12800D41466 /* CoreGraphics.framework in Frameworks */ = {isa = PBXBuildFile; fileRef = 86B18480175CC12800D41466 /* CoreGraphics.framework */; };
		86B18487175CC12800D41466 /* InfoPlist.strings in Resources */ = {isa = PBXBuildFile; fileRef = 86B18485175CC12800D41466 /* InfoPlist.strings */; };
		86B18489175CC12800D41466 /* main.m in Sources */ = {isa = PBXBuildFile; fileRef = 86B18488175CC12800D41466 /* main.m */; };
		86B1848D175CC12800D41466 /* AppDelegate.m in Sources */ = {isa = PBXBuildFile; fileRef = 86B1848C175CC12800D41466 /* AppDelegate.m */; };
		86B1848F175CC12800D41466 /* Default.png in Resources */ = {isa = PBXBuildFile; fileRef = 86B1848E175CC12800D41466 /* Default.png */; };
		86B18491175CC12800D41466 /* Default@2x.png in Resources */ = {isa = PBXBuildFile; fileRef = 86B18490175CC12800D41466 /* Default@2x.png */; };
		86B18493175CC12800D41466 /* Default-568h@2x.png in Resources */ = {isa = PBXBuildFile; fileRef = 86B18492175CC12800D41466 /* Default-568h@2x.png */; };
		86B18496175CC12800D41466 /* MainStoryboard.storyboard in Resources */ = {isa = PBXBuildFile; fileRef = 86B18494175CC12800D41466 /* MainStoryboard.storyboard */; };
		86B18499175CC12800D41466 /* ViewController.m in Sources */ = {isa = PBXBuildFile; fileRef = 86B18498175CC12800D41466 /* ViewController.m */; };
		86B184B8175E7C7A00D41466 /* libThinkGaming.a in Frameworks */ = {isa = PBXBuildFile; fileRef = 86B184B7175E7C7A00D41466 /* libThinkGaming.a */; };
		86B184BB175E7D4200D41466 /* SystemConfiguration.framework in Frameworks */ = {isa = PBXBuildFile; fileRef = 86B184BA175E7D4200D41466 /* SystemConfiguration.framework */; };
		86B184BD175E7D6A00D41466 /* AdSupport.framework in Frameworks */ = {isa = PBXBuildFile; fileRef = 86B184BC175E7D6A00D41466 /* AdSupport.framework */; settings = {ATTRIBUTES = (Weak, ); }; };
		86B184C2175E812700D41466 /* Reachability.m in Sources */ = {isa = PBXBuildFile; fileRef = 86B184C1175E812700D41466 /* Reachability.m */; };
/* End PBXBuildFile section */

/* Begin PBXFileReference section */
		860273C817673B3800D08D6C /* IAPAdapter.h */ = {isa = PBXFileReference; fileEncoding = 4; lastKnownFileType = sourcecode.c.h; path = IAPAdapter.h; sourceTree = "<group>"; };
		860273C917673B3800D08D6C /* IAPAdapter.m */ = {isa = PBXFileReference; fileEncoding = 4; lastKnownFileType = sourcecode.c.objc; path = IAPAdapter.m; sourceTree = "<group>"; };
		860273CB17673F5B00D08D6C /* StoreKit.framework */ = {isa = PBXFileReference; lastKnownFileType = wrapper.framework; name = StoreKit.framework; path = System/Library/Frameworks/StoreKit.framework; sourceTree = SDKROOT; };
		860273CD1767459900D08D6C /* ThinkGamingIAPAdapter.h */ = {isa = PBXFileReference; fileEncoding = 4; lastKnownFileType = sourcecode.c.h; path = ThinkGamingIAPAdapter.h; sourceTree = "<group>"; };
		860273CE1767459900D08D6C /* ThinkGamingIAPAdapter.m */ = {isa = PBXFileReference; fileEncoding = 4; lastKnownFileType = sourcecode.c.objc; path = ThinkGamingIAPAdapter.m; sourceTree = "<group>"; };
		865E8BC217674CD0007DCE32 /* IAPProductListViewController.h */ = {isa = PBXFileReference; fileEncoding = 4; lastKnownFileType = sourcecode.c.h; path = IAPProductListViewController.h; sourceTree = "<group>"; };
		865E8BC317674CD1007DCE32 /* IAPProductListViewController.m */ = {isa = PBXFileReference; fileEncoding = 4; lastKnownFileType = sourcecode.c.objc; path = IAPProductListViewController.m; sourceTree = "<group>"; };
		865E8BC517674CE9007DCE32 /* IAPProductListTableViewController.h */ = {isa = PBXFileReference; fileEncoding = 4; lastKnownFileType = sourcecode.c.h; path = IAPProductListTableViewController.h; sourceTree = "<group>"; };
		865E8BC617674CE9007DCE32 /* IAPProductListTableViewController.m */ = {isa = PBXFileReference; fileEncoding = 4; lastKnownFileType = sourcecode.c.objc; path = IAPProductListTableViewController.m; sourceTree = "<group>"; };
		86AB6D1C1768DE2E00152BD9 /* IAPProductCell.h */ = {isa = PBXFileReference; fileEncoding = 4; lastKnownFileType = sourcecode.c.h; path = IAPProductCell.h; sourceTree = "<group>"; };
		86AB6D1D1768DE2E00152BD9 /* IAPProductCell.m */ = {isa = PBXFileReference; fileEncoding = 4; lastKnownFileType = sourcecode.c.objc; path = IAPProductCell.m; sourceTree = "<group>"; };
		86B18479175CC12800D41466 /* ThinkGamingTestHarness.app */ = {isa = PBXFileReference; explicitFileType = wrapper.application; includeInIndex = 0; path = ThinkGamingTestHarness.app; sourceTree = BUILT_PRODUCTS_DIR; };
		86B1847C175CC12800D41466 /* UIKit.framework */ = {isa = PBXFileReference; lastKnownFileType = wrapper.framework; name = UIKit.framework; path = System/Library/Frameworks/UIKit.framework; sourceTree = SDKROOT; };
		86B1847E175CC12800D41466 /* Foundation.framework */ = {isa = PBXFileReference; lastKnownFileType = wrapper.framework; name = Foundation.framework; path = System/Library/Frameworks/Foundation.framework; sourceTree = SDKROOT; };
		86B18480175CC12800D41466 /* CoreGraphics.framework */ = {isa = PBXFileReference; lastKnownFileType = wrapper.framework; name = CoreGraphics.framework; path = System/Library/Frameworks/CoreGraphics.framework; sourceTree = SDKROOT; };
		86B18484175CC12800D41466 /* ThinkGamingTestHarness-Info.plist */ = {isa = PBXFileReference; lastKnownFileType = text.plist.xml; path = "ThinkGamingTestHarness-Info.plist"; sourceTree = "<group>"; };
		86B18486175CC12800D41466 /* en */ = {isa = PBXFileReference; lastKnownFileType = text.plist.strings; name = en; path = en.lproj/InfoPlist.strings; sourceTree = "<group>"; };
		86B18488175CC12800D41466 /* main.m */ = {isa = PBXFileReference; lastKnownFileType = sourcecode.c.objc; path = main.m; sourceTree = "<group>"; };
		86B1848A175CC12800D41466 /* ThinkGamingTestHarness-Prefix.pch */ = {isa = PBXFileReference; lastKnownFileType = sourcecode.c.h; path = "ThinkGamingTestHarness-Prefix.pch"; sourceTree = "<group>"; };
		86B1848B175CC12800D41466 /* AppDelegate.h */ = {isa = PBXFileReference; lastKnownFileType = sourcecode.c.h; path = AppDelegate.h; sourceTree = "<group>"; };
		86B1848C175CC12800D41466 /* AppDelegate.m */ = {isa = PBXFileReference; lastKnownFileType = sourcecode.c.objc; path = AppDelegate.m; sourceTree = "<group>"; };
		86B1848E175CC12800D41466 /* Default.png */ = {isa = PBXFileReference; lastKnownFileType = image.png; path = Default.png; sourceTree = "<group>"; };
		86B18490175CC12800D41466 /* Default@2x.png */ = {isa = PBXFileReference; lastKnownFileType = image.png; path = "Default@2x.png"; sourceTree = "<group>"; };
		86B18492175CC12800D41466 /* Default-568h@2x.png */ = {isa = PBXFileReference; lastKnownFileType = image.png; path = "Default-568h@2x.png"; sourceTree = "<group>"; };
		86B18495175CC12800D41466 /* en */ = {isa = PBXFileReference; lastKnownFileType = file.storyboard; name = en; path = en.lproj/MainStoryboard.storyboard; sourceTree = "<group>"; };
		86B18497175CC12800D41466 /* ViewController.h */ = {isa = PBXFileReference; lastKnownFileType = sourcecode.c.h; path = ViewController.h; sourceTree = "<group>"; };
		86B18498175CC12800D41466 /* ViewController.m */ = {isa = PBXFileReference; lastKnownFileType = sourcecode.c.objc; path = ViewController.m; sourceTree = "<group>"; };
		86B184A3175CC2BE00D41466 /* ThinkGamingLogger.h */ = {isa = PBXFileReference; lastKnownFileType = sourcecode.c.h; name = ThinkGamingLogger.h; path = ../../ThinkGaming/ThinkGaming/ThinkGamingLogger.h; sourceTree = "<group>"; };
		86B184B7175E7C7A00D41466 /* libThinkGaming.a */ = {isa = PBXFileReference; lastKnownFileType = archive.ar; name = libThinkGaming.a; path = "../../ThinkGaming/build/Release-iphoneos/libThinkGaming.a"; sourceTree = "<group>"; };
		86B184BA175E7D4200D41466 /* SystemConfiguration.framework */ = {isa = PBXFileReference; lastKnownFileType = wrapper.framework; name = SystemConfiguration.framework; path = System/Library/Frameworks/SystemConfiguration.framework; sourceTree = SDKROOT; };
		86B184BC175E7D6A00D41466 /* AdSupport.framework */ = {isa = PBXFileReference; lastKnownFileType = wrapper.framework; name = AdSupport.framework; path = System/Library/Frameworks/AdSupport.framework; sourceTree = SDKROOT; };
		86B184C0175E812700D41466 /* Reachability.h */ = {isa = PBXFileReference; fileEncoding = 4; lastKnownFileType = sourcecode.c.h; path = Reachability.h; sourceTree = "<group>"; };
		86B184C1175E812700D41466 /* Reachability.m */ = {isa = PBXFileReference; fileEncoding = 4; lastKnownFileType = sourcecode.c.objc; path = Reachability.m; sourceTree = "<group>"; };
/* End PBXFileReference section */

/* Begin PBXFrameworksBuildPhase section */
		86B18476175CC12800D41466 /* Frameworks */ = {
			isa = PBXFrameworksBuildPhase;
			buildActionMask = 2147483647;
			files = (
				860273CC17673F5B00D08D6C /* StoreKit.framework in Frameworks */,
				86B184BD175E7D6A00D41466 /* AdSupport.framework in Frameworks */,
				86B184BB175E7D4200D41466 /* SystemConfiguration.framework in Frameworks */,
				86B184B8175E7C7A00D41466 /* libThinkGaming.a in Frameworks */,
				86B1847D175CC12800D41466 /* UIKit.framework in Frameworks */,
				86B1847F175CC12800D41466 /* Foundation.framework in Frameworks */,
				86B18481175CC12800D41466 /* CoreGraphics.framework in Frameworks */,
			);
			runOnlyForDeploymentPostprocessing = 0;
		};
/* End PBXFrameworksBuildPhase section */

/* Begin PBXGroup section */
		86B18470175CC12800D41466 = {
			isa = PBXGroup;
			children = (
				86B184BA175E7D4200D41466 /* SystemConfiguration.framework */,
				86B184BC175E7D6A00D41466 /* AdSupport.framework */,
				86B184B7175E7C7A00D41466 /* libThinkGaming.a */,
				86B184A3175CC2BE00D41466 /* ThinkGamingLogger.h */,
				86B18482175CC12800D41466 /* ThinkGamingTestHarness */,
				86B1847B175CC12800D41466 /* Frameworks */,
				86B1847A175CC12800D41466 /* Products */,
			);
			sourceTree = "<group>";
		};
		86B1847A175CC12800D41466 /* Products */ = {
			isa = PBXGroup;
			children = (
				86B18479175CC12800D41466 /* ThinkGamingTestHarness.app */,
			);
			name = Products;
			sourceTree = "<group>";
		};
		86B1847B175CC12800D41466 /* Frameworks */ = {
			isa = PBXGroup;
			children = (
				860273CB17673F5B00D08D6C /* StoreKit.framework */,
				86B1847C175CC12800D41466 /* UIKit.framework */,
				86B1847E175CC12800D41466 /* Foundation.framework */,
				86B18480175CC12800D41466 /* CoreGraphics.framework */,
			);
			name = Frameworks;
			sourceTree = "<group>";
		};
		86B18482175CC12800D41466 /* ThinkGamingTestHarness */ = {
			isa = PBXGroup;
			children = (
				86B184C0175E812700D41466 /* Reachability.h */,
				86B184C1175E812700D41466 /* Reachability.m */,
				86B1848B175CC12800D41466 /* AppDelegate.h */,
				86B1848C175CC12800D41466 /* AppDelegate.m */,
				86B18494175CC12800D41466 /* MainStoryboard.storyboard */,
				86B18497175CC12800D41466 /* ViewController.h */,
				86B18498175CC12800D41466 /* ViewController.m */,
				86B18483175CC12800D41466 /* Supporting Files */,
				860273C817673B3800D08D6C /* IAPAdapter.h */,
				860273C917673B3800D08D6C /* IAPAdapter.m */,
				860273CD1767459900D08D6C /* ThinkGamingIAPAdapter.h */,
				860273CE1767459900D08D6C /* ThinkGamingIAPAdapter.m */,
				865E8BC217674CD0007DCE32 /* IAPProductListViewController.h */,
				865E8BC317674CD1007DCE32 /* IAPProductListViewController.m */,
				865E8BC517674CE9007DCE32 /* IAPProductListTableViewController.h */,
				865E8BC617674CE9007DCE32 /* IAPProductListTableViewController.m */,
				86AB6D1C1768DE2E00152BD9 /* IAPProductCell.h */,
				86AB6D1D1768DE2E00152BD9 /* IAPProductCell.m */,
			);
			path = ThinkGamingTestHarness;
			sourceTree = "<group>";
		};
		86B18483175CC12800D41466 /* Supporting Files */ = {
			isa = PBXGroup;
			children = (
				86B18484175CC12800D41466 /* ThinkGamingTestHarness-Info.plist */,
				86B18485175CC12800D41466 /* InfoPlist.strings */,
				86B18488175CC12800D41466 /* main.m */,
				86B1848A175CC12800D41466 /* ThinkGamingTestHarness-Prefix.pch */,
				86B1848E175CC12800D41466 /* Default.png */,
				86B18490175CC12800D41466 /* Default@2x.png */,
				86B18492175CC12800D41466 /* Default-568h@2x.png */,
			);
			name = "Supporting Files";
			sourceTree = "<group>";
		};
/* End PBXGroup section */

/* Begin PBXNativeTarget section */
		86B18478175CC12800D41466 /* ThinkGamingTestHarness */ = {
			isa = PBXNativeTarget;
			buildConfigurationList = 86B1849C175CC12800D41466 /* Build configuration list for PBXNativeTarget "ThinkGamingTestHarness" */;
			buildPhases = (
				86B18475175CC12800D41466 /* Sources */,
				86B18476175CC12800D41466 /* Frameworks */,
				86B18477175CC12800D41466 /* Resources */,
			);
			buildRules = (
			);
			dependencies = (
			);
			name = ThinkGamingTestHarness;
			productName = ThinkGamingTestHarness;
			productReference = 86B18479175CC12800D41466 /* ThinkGamingTestHarness.app */;
			productType = "com.apple.product-type.application";
		};
/* End PBXNativeTarget section */

/* Begin PBXProject section */
		86B18471175CC12800D41466 /* Project object */ = {
			isa = PBXProject;
			attributes = {
				LastUpgradeCheck = 0460;
				ORGANIZATIONNAME = thinkgaming;
				TargetAttributes = {
					86B18478175CC12800D41466 = {
						DevelopmentTeam = A52MVTZYUR;
						SystemCapabilities = {
							com.apple.InAppPurchase = {
								enabled = 1;
							};
						};
					};
				};
			};
			buildConfigurationList = 86B18474175CC12800D41466 /* Build configuration list for PBXProject "ThinkGamingTestHarness" */;
			compatibilityVersion = "Xcode 3.2";
			developmentRegion = English;
			hasScannedForEncodings = 0;
			knownRegions = (
				en,
			);
			mainGroup = 86B18470175CC12800D41466;
			productRefGroup = 86B1847A175CC12800D41466 /* Products */;
			projectDirPath = "";
			projectRoot = "";
			targets = (
				86B18478175CC12800D41466 /* ThinkGamingTestHarness */,
			);
		};
/* End PBXProject section */

/* Begin PBXResourcesBuildPhase section */
		86B18477175CC12800D41466 /* Resources */ = {
			isa = PBXResourcesBuildPhase;
			buildActionMask = 2147483647;
			files = (
				86B18487175CC12800D41466 /* InfoPlist.strings in Resources */,
				86B1848F175CC12800D41466 /* Default.png in Resources */,
				86B18491175CC12800D41466 /* Default@2x.png in Resources */,
				86B18493175CC12800D41466 /* Default-568h@2x.png in Resources */,
				86B18496175CC12800D41466 /* MainStoryboard.storyboard in Resources */,
			);
			runOnlyForDeploymentPostprocessing = 0;
		};
/* End PBXResourcesBuildPhase section */

/* Begin PBXSourcesBuildPhase section */
		86B18475175CC12800D41466 /* Sources */ = {
			isa = PBXSourcesBuildPhase;
			buildActionMask = 2147483647;
			files = (
				860273CF1767459900D08D6C /* ThinkGamingIAPAdapter.m in Sources */,
				86B18489175CC12800D41466 /* main.m in Sources */,
				86B1848D175CC12800D41466 /* AppDelegate.m in Sources */,
				86B18499175CC12800D41466 /* ViewController.m in Sources */,
				860273CA17673B3800D08D6C /* IAPAdapter.m in Sources */,
				86B184C2175E812700D41466 /* Reachability.m in Sources */,
				865E8BC417674CD1007DCE32 /* IAPProductListViewController.m in Sources */,
				865E8BC717674CE9007DCE32 /* IAPProductListTableViewController.m in Sources */,
				86AB6D1E1768DE2E00152BD9 /* IAPProductCell.m in Sources */,
			);
			runOnlyForDeploymentPostprocessing = 0;
		};
/* End PBXSourcesBuildPhase section */

/* Begin PBXVariantGroup section */
		86B18485175CC12800D41466 /* InfoPlist.strings */ = {
			isa = PBXVariantGroup;
			children = (
				86B18486175CC12800D41466 /* en */,
			);
			name = InfoPlist.strings;
			sourceTree = "<group>";
		};
		86B18494175CC12800D41466 /* MainStoryboard.storyboard */ = {
			isa = PBXVariantGroup;
			children = (
				86B18495175CC12800D41466 /* en */,
			);
			name = MainStoryboard.storyboard;
			sourceTree = "<group>";
		};
/* End PBXVariantGroup section */

/* Begin XCBuildConfiguration section */
		86B1849A175CC12800D41466 /* Debug */ = {
			isa = XCBuildConfiguration;
			buildSettings = {
				ALWAYS_SEARCH_USER_PATHS = NO;
				CLANG_CXX_LANGUAGE_STANDARD = "gnu++0x";
				CLANG_CXX_LIBRARY = "libc++";
				CLANG_ENABLE_OBJC_ARC = YES;
				CLANG_WARN_CONSTANT_CONVERSION = YES;
				CLANG_WARN_EMPTY_BODY = YES;
				CLANG_WARN_ENUM_CONVERSION = YES;
				CLANG_WARN_INT_CONVERSION = YES;
				CLANG_WARN__DUPLICATE_METHOD_MATCH = YES;
				"CODE_SIGN_IDENTITY[sdk=iphoneos*]" = "iPhone Developer";
				COPY_PHASE_STRIP = NO;
				GCC_C_LANGUAGE_STANDARD = gnu99;
				GCC_DYNAMIC_NO_PIC = NO;
				GCC_OPTIMIZATION_LEVEL = 0;
				GCC_PREPROCESSOR_DEFINITIONS = (
					"DEBUG=1",
					"$(inherited)",
				);
				GCC_SYMBOLS_PRIVATE_EXTERN = NO;
				GCC_WARN_ABOUT_RETURN_TYPE = YES;
				GCC_WARN_UNINITIALIZED_AUTOS = YES;
				GCC_WARN_UNUSED_VARIABLE = YES;
				IPHONEOS_DEPLOYMENT_TARGET = 6.1;
				ONLY_ACTIVE_ARCH = YES;
				SDKROOT = iphoneos;
			};
			name = Debug;
		};
		86B1849B175CC12800D41466 /* Release */ = {
			isa = XCBuildConfiguration;
			buildSettings = {
				ALWAYS_SEARCH_USER_PATHS = NO;
				CLANG_CXX_LANGUAGE_STANDARD = "gnu++0x";
				CLANG_CXX_LIBRARY = "libc++";
				CLANG_ENABLE_OBJC_ARC = YES;
				CLANG_WARN_CONSTANT_CONVERSION = YES;
				CLANG_WARN_EMPTY_BODY = YES;
				CLANG_WARN_ENUM_CONVERSION = YES;
				CLANG_WARN_INT_CONVERSION = YES;
				CLANG_WARN__DUPLICATE_METHOD_MATCH = YES;
				"CODE_SIGN_IDENTITY[sdk=iphoneos*]" = "iPhone Developer";
				COPY_PHASE_STRIP = YES;
				GCC_C_LANGUAGE_STANDARD = gnu99;
				GCC_WARN_ABOUT_RETURN_TYPE = YES;
				GCC_WARN_UNINITIALIZED_AUTOS = YES;
				GCC_WARN_UNUSED_VARIABLE = YES;
				IPHONEOS_DEPLOYMENT_TARGET = 6.1;
				OTHER_CFLAGS = "-DNS_BLOCK_ASSERTIONS=1";
				SDKROOT = iphoneos;
				VALIDATE_PRODUCT = YES;
			};
			name = Release;
		};
		86B1849D175CC12800D41466 /* Debug */ = {
			isa = XCBuildConfiguration;
			buildSettings = {
				CODE_SIGN_IDENTITY = "";
				"CODE_SIGN_IDENTITY[sdk=iphoneos*]" = "iPhone Developer: Aaron Junod (544RP3RHEL)";
				GCC_PRECOMPILE_PREFIX_HEADER = YES;
				GCC_PREFIX_HEADER = "ThinkGamingTestHarness/ThinkGamingTestHarness-Prefix.pch";
				INFOPLIST_FILE = "ThinkGamingTestHarness/ThinkGamingTestHarness-Info.plist";
				LIBRARY_SEARCH_PATHS = (
					"$(inherited)",
					"\"$(SRCROOT)/../../../../../Library/Developer/Xcode/DerivedData/ThinkGaming-goihdayjxsjoprbmmqijsomdphkq/Build/Products/Debug-iphoneos\"",
				);
				PRODUCT_NAME = "$(TARGET_NAME)";
				PROVISIONING_PROFILE = "5ED29C66-2492-49DB-95DD-A983D95DAD5F";
				"PROVISIONING_PROFILE[sdk=iphoneos*]" = "FE49589D-9C97-4868-AA76-A9AE4C3239EB";
				WRAPPER_EXTENSION = app;
			};
			name = Debug;
		};
		86B1849E175CC12800D41466 /* Release */ = {
			isa = XCBuildConfiguration;
			buildSettings = {
				CODE_SIGN_IDENTITY = "";
				"CODE_SIGN_IDENTITY[sdk=iphoneos*]" = "iPhone Distribution: Think Gaming LLC (A52MVTZYUR)";
				GCC_PRECOMPILE_PREFIX_HEADER = YES;
				GCC_PREFIX_HEADER = "ThinkGamingTestHarness/ThinkGamingTestHarness-Prefix.pch";
				INFOPLIST_FILE = "ThinkGamingTestHarness/ThinkGamingTestHarness-Info.plist";
				LIBRARY_SEARCH_PATHS = (
					"$(inherited)",
					"\"$(SRCROOT)/../../../../../Library/Developer/Xcode/DerivedData/ThinkGaming-goihdayjxsjoprbmmqijsomdphkq/Build/Products/Debug-iphoneos\"",
				);
				PRODUCT_NAME = "$(TARGET_NAME)";
				PROVISIONING_PROFILE = "5ED29C66-2492-49DB-95DD-A983D95DAD5F";
				"PROVISIONING_PROFILE[sdk=iphoneos*]" = "B832634D-A037-4602-AB79-F80F80C224F9";
				WRAPPER_EXTENSION = app;
			};
			name = Release;
		};
/* End XCBuildConfiguration section */

/* Begin XCConfigurationList section */
		86B18474175CC12800D41466 /* Build configuration list for PBXProject "ThinkGamingTestHarness" */ = {
			isa = XCConfigurationList;
			buildConfigurations = (
				86B1849A175CC12800D41466 /* Debug */,
				86B1849B175CC12800D41466 /* Release */,
			);
			defaultConfigurationIsVisible = 0;
			defaultConfigurationName = Release;
		};
		86B1849C175CC12800D41466 /* Build configuration list for PBXNativeTarget "ThinkGamingTestHarness" */ = {
			isa = XCConfigurationList;
			buildConfigurations = (
				86B1849D175CC12800D41466 /* Debug */,
				86B1849E175CC12800D41466 /* Release */,
			);
			defaultConfigurationIsVisible = 0;
			defaultConfigurationName = Release;
		};
/* End XCConfigurationList section */
	};
	rootObject = 86B18471175CC12800D41466 /* Project object */;
}
