// !$*UTF8*$!
{
	archiveVersion = 1;
	classes = {
	};
	objectVersion = 46;
	objects = {

/* Begin PBXBuildFile section */
		863770741782EE4B005D1DEE /* Foundation.framework in Frameworks */ = {isa = PBXBuildFile; fileRef = 863770731782EE4B005D1DEE /* Foundation.framework */; };
		863770791782EE4B005D1DEE /* ThinkGamingStoreUI.h in CopyFiles */ = {isa = PBXBuildFile; fileRef = 863770781782EE4B005D1DEE /* ThinkGamingStoreUI.h */; };
		8637707B1782EE4B005D1DEE /* ThinkGamingStoreUI.m in Sources */ = {isa = PBXBuildFile; fileRef = 8637707A1782EE4B005D1DEE /* ThinkGamingStoreUI.m */; };
		863770831782EE4B005D1DEE /* SenTestingKit.framework in Frameworks */ = {isa = PBXBuildFile; fileRef = 863770821782EE4B005D1DEE /* SenTestingKit.framework */; };
		863770851782EE4B005D1DEE /* UIKit.framework in Frameworks */ = {isa = PBXBuildFile; fileRef = 863770841782EE4B005D1DEE /* UIKit.framework */; };
		863770861782EE4B005D1DEE /* Foundation.framework in Frameworks */ = {isa = PBXBuildFile; fileRef = 863770731782EE4B005D1DEE /* Foundation.framework */; };
		863770891782EE4B005D1DEE /* libThinkGamingStoreUI.a in Frameworks */ = {isa = PBXBuildFile; fileRef = 863770701782EE4B005D1DEE /* libThinkGamingStoreUI.a */; };
		8637708F1782EE4B005D1DEE /* InfoPlist.strings in Resources */ = {isa = PBXBuildFile; fileRef = 8637708D1782EE4B005D1DEE /* InfoPlist.strings */; };
		863770921782EE4B005D1DEE /* ThinkGamingStoreUITests.m in Sources */ = {isa = PBXBuildFile; fileRef = 863770911782EE4B005D1DEE /* ThinkGamingStoreUITests.m */; };
/* End PBXBuildFile section */

/* Begin PBXContainerItemProxy section */
		863770871782EE4B005D1DEE /* PBXContainerItemProxy */ = {
			isa = PBXContainerItemProxy;
			containerPortal = 863770681782EE4B005D1DEE /* Project object */;
			proxyType = 1;
			remoteGlobalIDString = 8637706F1782EE4B005D1DEE;
			remoteInfo = ThinkGamingStoreUI;
		};
/* End PBXContainerItemProxy section */

/* Begin PBXCopyFilesBuildPhase section */
		8637706E1782EE4B005D1DEE /* CopyFiles */ = {
			isa = PBXCopyFilesBuildPhase;
			buildActionMask = 2147483647;
			dstPath = "include/${PRODUCT_NAME}";
			dstSubfolderSpec = 16;
			files = (
				863770791782EE4B005D1DEE /* ThinkGamingStoreUI.h in CopyFiles */,
			);
			runOnlyForDeploymentPostprocessing = 0;
		};
/* End PBXCopyFilesBuildPhase section */

/* Begin PBXFileReference section */
		863770701782EE4B005D1DEE /* libThinkGamingStoreUI.a */ = {isa = PBXFileReference; explicitFileType = archive.ar; includeInIndex = 0; path = libThinkGamingStoreUI.a; sourceTree = BUILT_PRODUCTS_DIR; };
		863770731782EE4B005D1DEE /* Foundation.framework */ = {isa = PBXFileReference; lastKnownFileType = wrapper.framework; name = Foundation.framework; path = System/Library/Frameworks/Foundation.framework; sourceTree = SDKROOT; };
		863770771782EE4B005D1DEE /* ThinkGamingStoreUI-Prefix.pch */ = {isa = PBXFileReference; lastKnownFileType = sourcecode.c.h; path = "ThinkGamingStoreUI-Prefix.pch"; sourceTree = "<group>"; };
		863770781782EE4B005D1DEE /* ThinkGamingStoreUI.h */ = {isa = PBXFileReference; lastKnownFileType = sourcecode.c.h; path = ThinkGamingStoreUI.h; sourceTree = "<group>"; };
		8637707A1782EE4B005D1DEE /* ThinkGamingStoreUI.m */ = {isa = PBXFileReference; lastKnownFileType = sourcecode.c.objc; path = ThinkGamingStoreUI.m; sourceTree = "<group>"; };
		863770811782EE4B005D1DEE /* ThinkGamingStoreUITests.octest */ = {isa = PBXFileReference; explicitFileType = wrapper.cfbundle; includeInIndex = 0; path = ThinkGamingStoreUITests.octest; sourceTree = BUILT_PRODUCTS_DIR; };
		863770821782EE4B005D1DEE /* SenTestingKit.framework */ = {isa = PBXFileReference; lastKnownFileType = wrapper.framework; name = SenTestingKit.framework; path = Library/Frameworks/SenTestingKit.framework; sourceTree = DEVELOPER_DIR; };
		863770841782EE4B005D1DEE /* UIKit.framework */ = {isa = PBXFileReference; lastKnownFileType = wrapper.framework; name = UIKit.framework; path = Library/Frameworks/UIKit.framework; sourceTree = DEVELOPER_DIR; };
		8637708C1782EE4B005D1DEE /* ThinkGamingStoreUITests-Info.plist */ = {isa = PBXFileReference; lastKnownFileType = text.plist.xml; path = "ThinkGamingStoreUITests-Info.plist"; sourceTree = "<group>"; };
		8637708E1782EE4B005D1DEE /* en */ = {isa = PBXFileReference; lastKnownFileType = text.plist.strings; name = en; path = en.lproj/InfoPlist.strings; sourceTree = "<group>"; };
		863770901782EE4B005D1DEE /* ThinkGamingStoreUITests.h */ = {isa = PBXFileReference; lastKnownFileType = sourcecode.c.h; path = ThinkGamingStoreUITests.h; sourceTree = "<group>"; };
		863770911782EE4B005D1DEE /* ThinkGamingStoreUITests.m */ = {isa = PBXFileReference; lastKnownFileType = sourcecode.c.objc; path = ThinkGamingStoreUITests.m; sourceTree = "<group>"; };
/* End PBXFileReference section */

/* Begin PBXFrameworksBuildPhase section */
		8637706D1782EE4B005D1DEE /* Frameworks */ = {
			isa = PBXFrameworksBuildPhase;
			buildActionMask = 2147483647;
			files = (
				863770741782EE4B005D1DEE /* Foundation.framework in Frameworks */,
			);
			runOnlyForDeploymentPostprocessing = 0;
		};
		8637707D1782EE4B005D1DEE /* Frameworks */ = {
			isa = PBXFrameworksBuildPhase;
			buildActionMask = 2147483647;
			files = (
				863770831782EE4B005D1DEE /* SenTestingKit.framework in Frameworks */,
				863770851782EE4B005D1DEE /* UIKit.framework in Frameworks */,
				863770861782EE4B005D1DEE /* Foundation.framework in Frameworks */,
				863770891782EE4B005D1DEE /* libThinkGamingStoreUI.a in Frameworks */,
			);
			runOnlyForDeploymentPostprocessing = 0;
		};
/* End PBXFrameworksBuildPhase section */

/* Begin PBXGroup section */
		863770671782EE4B005D1DEE = {
			isa = PBXGroup;
			children = (
				863770751782EE4B005D1DEE /* ThinkGamingStoreUI */,
				8637708A1782EE4B005D1DEE /* ThinkGamingStoreUITests */,
				863770721782EE4B005D1DEE /* Frameworks */,
				863770711782EE4B005D1DEE /* Products */,
			);
			sourceTree = "<group>";
		};
		863770711782EE4B005D1DEE /* Products */ = {
			isa = PBXGroup;
			children = (
				863770701782EE4B005D1DEE /* libThinkGamingStoreUI.a */,
				863770811782EE4B005D1DEE /* ThinkGamingStoreUITests.octest */,
			);
			name = Products;
			sourceTree = "<group>";
		};
		863770721782EE4B005D1DEE /* Frameworks */ = {
			isa = PBXGroup;
			children = (
				863770731782EE4B005D1DEE /* Foundation.framework */,
				863770821782EE4B005D1DEE /* SenTestingKit.framework */,
				863770841782EE4B005D1DEE /* UIKit.framework */,
			);
			name = Frameworks;
			sourceTree = "<group>";
		};
		863770751782EE4B005D1DEE /* ThinkGamingStoreUI */ = {
			isa = PBXGroup;
			children = (
				863770781782EE4B005D1DEE /* ThinkGamingStoreUI.h */,
				8637707A1782EE4B005D1DEE /* ThinkGamingStoreUI.m */,
				863770761782EE4B005D1DEE /* Supporting Files */,
			);
			path = ThinkGamingStoreUI;
			sourceTree = "<group>";
		};
		863770761782EE4B005D1DEE /* Supporting Files */ = {
			isa = PBXGroup;
			children = (
				863770771782EE4B005D1DEE /* ThinkGamingStoreUI-Prefix.pch */,
			);
			name = "Supporting Files";
			sourceTree = "<group>";
		};
		8637708A1782EE4B005D1DEE /* ThinkGamingStoreUITests */ = {
			isa = PBXGroup;
			children = (
				863770901782EE4B005D1DEE /* ThinkGamingStoreUITests.h */,
				863770911782EE4B005D1DEE /* ThinkGamingStoreUITests.m */,
				8637708B1782EE4B005D1DEE /* Supporting Files */,
			);
			path = ThinkGamingStoreUITests;
			sourceTree = "<group>";
		};
		8637708B1782EE4B005D1DEE /* Supporting Files */ = {
			isa = PBXGroup;
			children = (
				8637708C1782EE4B005D1DEE /* ThinkGamingStoreUITests-Info.plist */,
				8637708D1782EE4B005D1DEE /* InfoPlist.strings */,
			);
			name = "Supporting Files";
			sourceTree = "<group>";
		};
/* End PBXGroup section */

/* Begin PBXNativeTarget section */
		8637706F1782EE4B005D1DEE /* ThinkGamingStoreUI */ = {
			isa = PBXNativeTarget;
			buildConfigurationList = 863770951782EE4B005D1DEE /* Build configuration list for PBXNativeTarget "ThinkGamingStoreUI" */;
			buildPhases = (
				8637706C1782EE4B005D1DEE /* Sources */,
				8637706D1782EE4B005D1DEE /* Frameworks */,
				8637706E1782EE4B005D1DEE /* CopyFiles */,
			);
			buildRules = (
			);
			dependencies = (
			);
			name = ThinkGamingStoreUI;
			productName = ThinkGamingStoreUI;
			productReference = 863770701782EE4B005D1DEE /* libThinkGamingStoreUI.a */;
			productType = "com.apple.product-type.library.static";
		};
		863770801782EE4B005D1DEE /* ThinkGamingStoreUITests */ = {
			isa = PBXNativeTarget;
			buildConfigurationList = 863770981782EE4B005D1DEE /* Build configuration list for PBXNativeTarget "ThinkGamingStoreUITests" */;
			buildPhases = (
				8637707C1782EE4B005D1DEE /* Sources */,
				8637707D1782EE4B005D1DEE /* Frameworks */,
				8637707E1782EE4B005D1DEE /* Resources */,
				8637707F1782EE4B005D1DEE /* ShellScript */,
			);
			buildRules = (
			);
			dependencies = (
				863770881782EE4B005D1DEE /* PBXTargetDependency */,
			);
			name = ThinkGamingStoreUITests;
			productName = ThinkGamingStoreUITests;
			productReference = 863770811782EE4B005D1DEE /* ThinkGamingStoreUITests.octest */;
			productType = "com.apple.product-type.bundle";
		};
/* End PBXNativeTarget section */

/* Begin PBXProject section */
		863770681782EE4B005D1DEE /* Project object */ = {
			isa = PBXProject;
			attributes = {
				LastUpgradeCheck = 0460;
				ORGANIZATIONNAME = ThinkGaming;
			};
			buildConfigurationList = 8637706B1782EE4B005D1DEE /* Build configuration list for PBXProject "ThinkGamingStoreUI" */;
			compatibilityVersion = "Xcode 3.2";
			developmentRegion = English;
			hasScannedForEncodings = 0;
			knownRegions = (
				en,
			);
			mainGroup = 863770671782EE4B005D1DEE;
			productRefGroup = 863770711782EE4B005D1DEE /* Products */;
			projectDirPath = "";
			projectRoot = "";
			targets = (
				8637706F1782EE4B005D1DEE /* ThinkGamingStoreUI */,
				863770801782EE4B005D1DEE /* ThinkGamingStoreUITests */,
			);
		};
/* End PBXProject section */

/* Begin PBXResourcesBuildPhase section */
		8637707E1782EE4B005D1DEE /* Resources */ = {
			isa = PBXResourcesBuildPhase;
			buildActionMask = 2147483647;
			files = (
				8637708F1782EE4B005D1DEE /* InfoPlist.strings in Resources */,
			);
			runOnlyForDeploymentPostprocessing = 0;
		};
/* End PBXResourcesBuildPhase section */

/* Begin PBXShellScriptBuildPhase section */
		8637707F1782EE4B005D1DEE /* ShellScript */ = {
			isa = PBXShellScriptBuildPhase;
			buildActionMask = 2147483647;
			files = (
			);
			inputPaths = (
			);
			outputPaths = (
			);
			runOnlyForDeploymentPostprocessing = 0;
			shellPath = /bin/sh;
			shellScript = "# Run the unit tests in this test bundle.\n\"${SYSTEM_DEVELOPER_DIR}/Tools/RunUnitTests\"\n";
		};
/* End PBXShellScriptBuildPhase section */

/* Begin PBXSourcesBuildPhase section */
		8637706C1782EE4B005D1DEE /* Sources */ = {
			isa = PBXSourcesBuildPhase;
			buildActionMask = 2147483647;
			files = (
				8637707B1782EE4B005D1DEE /* ThinkGamingStoreUI.m in Sources */,
			);
			runOnlyForDeploymentPostprocessing = 0;
		};
		8637707C1782EE4B005D1DEE /* Sources */ = {
			isa = PBXSourcesBuildPhase;
			buildActionMask = 2147483647;
			files = (
				863770921782EE4B005D1DEE /* ThinkGamingStoreUITests.m in Sources */,
			);
			runOnlyForDeploymentPostprocessing = 0;
		};
/* End PBXSourcesBuildPhase section */

/* Begin PBXTargetDependency section */
		863770881782EE4B005D1DEE /* PBXTargetDependency */ = {
			isa = PBXTargetDependency;
			target = 8637706F1782EE4B005D1DEE /* ThinkGamingStoreUI */;
			targetProxy = 863770871782EE4B005D1DEE /* PBXContainerItemProxy */;
		};
/* End PBXTargetDependency section */

/* Begin PBXVariantGroup section */
		8637708D1782EE4B005D1DEE /* InfoPlist.strings */ = {
			isa = PBXVariantGroup;
			children = (
				8637708E1782EE4B005D1DEE /* en */,
			);
			name = InfoPlist.strings;
			sourceTree = "<group>";
		};
/* End PBXVariantGroup section */

/* Begin XCBuildConfiguration section */
		863770931782EE4B005D1DEE /* Debug */ = {
			isa = XCBuildConfiguration;
			buildSettings = {
				ALWAYS_SEARCH_USER_PATHS = NO;
				CLANG_CXX_LANGUAGE_STANDARD = "gnu++0x";
				CLANG_CXX_LIBRARY = "libc++";
				CLANG_ENABLE_OBJC_ARC = YES;
				CLANG_WARN_CONSTANT_CONVERSION = YES;
				CLANG_WARN_EMPTY_BODY = YES;
				CLANG_WARN_ENUM_CONVERSION = YES;
				CLANG_WARN_INT_CONVERSION = YES;
				CLANG_WARN__DUPLICATE_METHOD_MATCH = YES;
				COPY_PHASE_STRIP = NO;
				GCC_C_LANGUAGE_STANDARD = gnu99;
				GCC_DYNAMIC_NO_PIC = NO;
				GCC_OPTIMIZATION_LEVEL = 0;
				GCC_PREPROCESSOR_DEFINITIONS = (
					"DEBUG=1",
					"$(inherited)",
				);
				GCC_SYMBOLS_PRIVATE_EXTERN = NO;
				GCC_WARN_ABOUT_RETURN_TYPE = YES;
				GCC_WARN_UNINITIALIZED_AUTOS = YES;
				GCC_WARN_UNUSED_VARIABLE = YES;
				IPHONEOS_DEPLOYMENT_TARGET = 6.1;
				ONLY_ACTIVE_ARCH = YES;
				SDKROOT = iphoneos;
			};
			name = Debug;
		};
		863770941782EE4B005D1DEE /* Release */ = {
			isa = XCBuildConfiguration;
			buildSettings = {
				ALWAYS_SEARCH_USER_PATHS = NO;
				CLANG_CXX_LANGUAGE_STANDARD = "gnu++0x";
				CLANG_CXX_LIBRARY = "libc++";
				CLANG_ENABLE_OBJC_ARC = YES;
				CLANG_WARN_CONSTANT_CONVERSION = YES;
				CLANG_WARN_EMPTY_BODY = YES;
				CLANG_WARN_ENUM_CONVERSION = YES;
				CLANG_WARN_INT_CONVERSION = YES;
				CLANG_WARN__DUPLICATE_METHOD_MATCH = YES;
				COPY_PHASE_STRIP = YES;
				GCC_C_LANGUAGE_STANDARD = gnu99;
				GCC_WARN_ABOUT_RETURN_TYPE = YES;
				GCC_WARN_UNINITIALIZED_AUTOS = YES;
				GCC_WARN_UNUSED_VARIABLE = YES;
				IPHONEOS_DEPLOYMENT_TARGET = 6.1;
				SDKROOT = iphoneos;
				VALIDATE_PRODUCT = YES;
			};
			name = Release;
		};
		863770961782EE4B005D1DEE /* Debug */ = {
			isa = XCBuildConfiguration;
			buildSettings = {
				DSTROOT = /tmp/ThinkGamingStoreUI.dst;
				GCC_PRECOMPILE_PREFIX_HEADER = YES;
				GCC_PREFIX_HEADER = "ThinkGamingStoreUI/ThinkGamingStoreUI-Prefix.pch";
				OTHER_LDFLAGS = "-ObjC";
				PRODUCT_NAME = "$(TARGET_NAME)";
				SKIP_INSTALL = YES;
			};
			name = Debug;
		};
		863770971782EE4B005D1DEE /* Release */ = {
			isa = XCBuildConfiguration;
			buildSettings = {
				DSTROOT = /tmp/ThinkGamingStoreUI.dst;
				GCC_PRECOMPILE_PREFIX_HEADER = YES;
				GCC_PREFIX_HEADER = "ThinkGamingStoreUI/ThinkGamingStoreUI-Prefix.pch";
				OTHER_LDFLAGS = "-ObjC";
				PRODUCT_NAME = "$(TARGET_NAME)";
				SKIP_INSTALL = YES;
			};
			name = Release;
		};
		863770991782EE4B005D1DEE /* Debug */ = {
			isa = XCBuildConfiguration;
			buildSettings = {
				FRAMEWORK_SEARCH_PATHS = (
					"\"$(SDKROOT)/Developer/Library/Frameworks\"",
					"\"$(DEVELOPER_LIBRARY_DIR)/Frameworks\"",
				);
				GCC_PRECOMPILE_PREFIX_HEADER = YES;
				GCC_PREFIX_HEADER = "ThinkGamingStoreUI/ThinkGamingStoreUI-Prefix.pch";
				INFOPLIST_FILE = "ThinkGamingStoreUITests/ThinkGamingStoreUITests-Info.plist";
				PRODUCT_NAME = "$(TARGET_NAME)";
				WRAPPER_EXTENSION = octest;
			};
			name = Debug;
		};
		8637709A1782EE4B005D1DEE /* Release */ = {
			isa = XCBuildConfiguration;
			buildSettings = {
				FRAMEWORK_SEARCH_PATHS = (
					"\"$(SDKROOT)/Developer/Library/Frameworks\"",
					"\"$(DEVELOPER_LIBRARY_DIR)/Frameworks\"",
				);
				GCC_PRECOMPILE_PREFIX_HEADER = YES;
				GCC_PREFIX_HEADER = "ThinkGamingStoreUI/ThinkGamingStoreUI-Prefix.pch";
				INFOPLIST_FILE = "ThinkGamingStoreUITests/ThinkGamingStoreUITests-Info.plist";
				PRODUCT_NAME = "$(TARGET_NAME)";
				WRAPPER_EXTENSION = octest;
			};
			name = Release;
		};
/* End XCBuildConfiguration section */

/* Begin XCConfigurationList section */
		8637706B1782EE4B005D1DEE /* Build configuration list for PBXProject "ThinkGamingStoreUI" */ = {
			isa = XCConfigurationList;
			buildConfigurations = (
				863770931782EE4B005D1DEE /* Debug */,
				863770941782EE4B005D1DEE /* Release */,
			);
			defaultConfigurationIsVisible = 0;
			defaultConfigurationName = Release;
		};
		863770951782EE4B005D1DEE /* Build configuration list for PBXNativeTarget "ThinkGamingStoreUI" */ = {
			isa = XCConfigurationList;
			buildConfigurations = (
				863770961782EE4B005D1DEE /* Debug */,
				863770971782EE4B005D1DEE /* Release */,
			);
			defaultConfigurationIsVisible = 0;
		};
		863770981782EE4B005D1DEE /* Build configuration list for PBXNativeTarget "ThinkGamingStoreUITests" */ = {
			isa = XCConfigurationList;
			buildConfigurations = (
				863770991782EE4B005D1DEE /* Debug */,
				8637709A1782EE4B005D1DEE /* Release */,
			);
			defaultConfigurationIsVisible = 0;
		};
/* End XCConfigurationList section */
	};
	rootObject = 863770681782EE4B005D1DEE /* Project object */;
}
