// !$*UTF8*$!
{
	archiveVersion = 1;
	classes = {
	};
	objectVersion = 46;
	objects = {

/* Begin PBXBuildFile section */
		8614570917845CFE00B59BC9 /* background.png in Resources */ = {isa = PBXBuildFile; fileRef = 8614570817845CFE00B59BC9 /* background.png */; };
		8614570D17845E6600B59BC9 /* ThinkGamingStoreUIStyleAppearance.m in Sources */ = {isa = PBXBuildFile; fileRef = 8614570C17845E6600B59BC9 /* ThinkGamingStoreUIStyleAppearance.m */; };
		8614571017845EEF00B59BC9 /* ThinkGamingStoreUINavigationController.m in Sources */ = {isa = PBXBuildFile; fileRef = 8614570F17845EEF00B59BC9 /* ThinkGamingStoreUINavigationController.m */; };
		8690AAA6178319620082FE3B /* UIKit.framework in Frameworks */ = {isa = PBXBuildFile; fileRef = 8690AAA5178319620082FE3B /* UIKit.framework */; };
		8690AAA8178319620082FE3B /* Foundation.framework in Frameworks */ = {isa = PBXBuildFile; fileRef = 8690AAA7178319620082FE3B /* Foundation.framework */; };
		8690AAAA178319620082FE3B /* CoreGraphics.framework in Frameworks */ = {isa = PBXBuildFile; fileRef = 8690AAA9178319620082FE3B /* CoreGraphics.framework */; };
		8690AAB0178319620082FE3B /* InfoPlist.strings in Resources */ = {isa = PBXBuildFile; fileRef = 8690AAAE178319620082FE3B /* InfoPlist.strings */; };
		8690AAB2178319620082FE3B /* main.m in Sources */ = {isa = PBXBuildFile; fileRef = 8690AAB1178319620082FE3B /* main.m */; };
		8690AAB6178319620082FE3B /* AppDelegate.m in Sources */ = {isa = PBXBuildFile; fileRef = 8690AAB5178319620082FE3B /* AppDelegate.m */; };
		8690AAB8178319620082FE3B /* Default.png in Resources */ = {isa = PBXBuildFile; fileRef = 8690AAB7178319620082FE3B /* Default.png */; };
		8690AABA178319620082FE3B /* Default@2x.png in Resources */ = {isa = PBXBuildFile; fileRef = 8690AAB9178319620082FE3B /* Default@2x.png */; };
		8690AABC178319620082FE3B /* Default-568h@2x.png in Resources */ = {isa = PBXBuildFile; fileRef = 8690AABB178319620082FE3B /* Default-568h@2x.png */; };
		8690AABF178319620082FE3B /* MainStoryboard_iPhone.storyboard in Resources */ = {isa = PBXBuildFile; fileRef = 8690AABD178319620082FE3B /* MainStoryboard_iPhone.storyboard */; };
		8690AAC2178319620082FE3B /* MainStoryboard_iPad.storyboard in Resources */ = {isa = PBXBuildFile; fileRef = 8690AAC0178319620082FE3B /* MainStoryboard_iPad.storyboard */; };
		8690AAC5178319630082FE3B /* ViewController.m in Sources */ = {isa = PBXBuildFile; fileRef = 8690AAC4178319630082FE3B /* ViewController.m */; };
		8690AACD178319630082FE3B /* SenTestingKit.framework in Frameworks */ = {isa = PBXBuildFile; fileRef = 8690AACC178319630082FE3B /* SenTestingKit.framework */; };
		8690AACE178319630082FE3B /* UIKit.framework in Frameworks */ = {isa = PBXBuildFile; fileRef = 8690AAA5178319620082FE3B /* UIKit.framework */; };
		8690AACF178319630082FE3B /* Foundation.framework in Frameworks */ = {isa = PBXBuildFile; fileRef = 8690AAA7178319620082FE3B /* Foundation.framework */; };
		8690AAD7178319630082FE3B /* InfoPlist.strings in Resources */ = {isa = PBXBuildFile; fileRef = 8690AAD5178319630082FE3B /* InfoPlist.strings */; };
		8690AADA178319630082FE3B /* ThinkGamingStoreUITests.m in Sources */ = {isa = PBXBuildFile; fileRef = 8690AAD9178319630082FE3B /* ThinkGamingStoreUITests.m */; };
		8690AAE917831A660082FE3B /* ThinkGamingStoreUI.m in Sources */ = {isa = PBXBuildFile; fileRef = 8690AAE517831A660082FE3B /* ThinkGamingStoreUI.m */; };
		8690AAEA17831A660082FE3B /* ThinkGamingStoreUIStoryBoard.storyboard in Resources */ = {isa = PBXBuildFile; fileRef = 8690AAE617831A660082FE3B /* ThinkGamingStoreUIStoryBoard.storyboard */; };
		8690AAEB17831A660082FE3B /* ThinkGamingStoreUIViewController.m in Sources */ = {isa = PBXBuildFile; fileRef = 8690AAE817831A660082FE3B /* ThinkGamingStoreUIViewController.m */; };
		8690AAED178351C70082FE3B /* Reveal.framework in Frameworks */ = {isa = PBXBuildFile; fileRef = 8690AAEC178351C70082FE3B /* Reveal.framework */; };
		8690AAEF178351EA0082FE3B /* QuartzCore.framework in Frameworks */ = {isa = PBXBuildFile; fileRef = 8690AAEE178351EA0082FE3B /* QuartzCore.framework */; };
		8690AAF1178351F10082FE3B /* CFNetwork.framework in Frameworks */ = {isa = PBXBuildFile; fileRef = 8690AAF0178351F10082FE3B /* CFNetwork.framework */; };
/* End PBXBuildFile section */

/* Begin PBXContainerItemProxy section */
		8690AAD0178319630082FE3B /* PBXContainerItemProxy */ = {
			isa = PBXContainerItemProxy;
			containerPortal = 8690AA9A178319620082FE3B /* Project object */;
			proxyType = 1;
			remoteGlobalIDString = 8690AAA1178319620082FE3B;
			remoteInfo = ThinkGamingStoreUI;
		};
/* End PBXContainerItemProxy section */

/* Begin PBXFileReference section */
		8614570817845CFE00B59BC9 /* background.png */ = {isa = PBXFileReference; lastKnownFileType = image.png; name = background.png; path = ThinkGamingStoreUIStyle/background.png; sourceTree = "<group>"; };
		8614570B17845E6600B59BC9 /* ThinkGamingStoreUIStyleAppearance.h */ = {isa = PBXFileReference; fileEncoding = 4; lastKnownFileType = sourcecode.c.h; name = ThinkGamingStoreUIStyleAppearance.h; path = ThinkGamingStoreUIStyle/ThinkGamingStoreUIStyleAppearance.h; sourceTree = "<group>"; };
		8614570C17845E6600B59BC9 /* ThinkGamingStoreUIStyleAppearance.m */ = {isa = PBXFileReference; fileEncoding = 4; lastKnownFileType = sourcecode.c.objc; name = ThinkGamingStoreUIStyleAppearance.m; path = ThinkGamingStoreUIStyle/ThinkGamingStoreUIStyleAppearance.m; sourceTree = "<group>"; };
		8614570E17845EEF00B59BC9 /* ThinkGamingStoreUINavigationController.h */ = {isa = PBXFileReference; fileEncoding = 4; lastKnownFileType = sourcecode.c.h; path = ThinkGamingStoreUINavigationController.h; sourceTree = "<group>"; };
		8614570F17845EEF00B59BC9 /* ThinkGamingStoreUINavigationController.m */ = {isa = PBXFileReference; fileEncoding = 4; lastKnownFileType = sourcecode.c.objc; path = ThinkGamingStoreUINavigationController.m; sourceTree = "<group>"; };
		8690AAA2178319620082FE3B /* ThinkGamingStoreUI.app */ = {isa = PBXFileReference; explicitFileType = wrapper.application; includeInIndex = 0; path = ThinkGamingStoreUI.app; sourceTree = BUILT_PRODUCTS_DIR; };
		8690AAA5178319620082FE3B /* UIKit.framework */ = {isa = PBXFileReference; lastKnownFileType = wrapper.framework; name = UIKit.framework; path = System/Library/Frameworks/UIKit.framework; sourceTree = SDKROOT; };
		8690AAA7178319620082FE3B /* Foundation.framework */ = {isa = PBXFileReference; lastKnownFileType = wrapper.framework; name = Foundation.framework; path = System/Library/Frameworks/Foundation.framework; sourceTree = SDKROOT; };
		8690AAA9178319620082FE3B /* CoreGraphics.framework */ = {isa = PBXFileReference; lastKnownFileType = wrapper.framework; name = CoreGraphics.framework; path = System/Library/Frameworks/CoreGraphics.framework; sourceTree = SDKROOT; };
		8690AAAD178319620082FE3B /* ThinkGamingStoreUI-Info.plist */ = {isa = PBXFileReference; lastKnownFileType = text.plist.xml; path = "ThinkGamingStoreUI-Info.plist"; sourceTree = "<group>"; };
		8690AAAF178319620082FE3B /* en */ = {isa = PBXFileReference; lastKnownFileType = text.plist.strings; name = en; path = en.lproj/InfoPlist.strings; sourceTree = "<group>"; };
		8690AAB1178319620082FE3B /* main.m */ = {isa = PBXFileReference; lastKnownFileType = sourcecode.c.objc; path = main.m; sourceTree = "<group>"; };
		8690AAB3178319620082FE3B /* ThinkGamingStoreUI-Prefix.pch */ = {isa = PBXFileReference; lastKnownFileType = sourcecode.c.h; path = "ThinkGamingStoreUI-Prefix.pch"; sourceTree = "<group>"; };
		8690AAB4178319620082FE3B /* AppDelegate.h */ = {isa = PBXFileReference; lastKnownFileType = sourcecode.c.h; name = AppDelegate.h; path = ThinkGamingStoreUI/AppDelegate.h; sourceTree = "<group>"; };
		8690AAB5178319620082FE3B /* AppDelegate.m */ = {isa = PBXFileReference; lastKnownFileType = sourcecode.c.objc; name = AppDelegate.m; path = ThinkGamingStoreUI/AppDelegate.m; sourceTree = "<group>"; };
		8690AAB7178319620082FE3B /* Default.png */ = {isa = PBXFileReference; lastKnownFileType = image.png; path = Default.png; sourceTree = "<group>"; };
		8690AAB9178319620082FE3B /* Default@2x.png */ = {isa = PBXFileReference; lastKnownFileType = image.png; path = "Default@2x.png"; sourceTree = "<group>"; };
		8690AABB178319620082FE3B /* Default-568h@2x.png */ = {isa = PBXFileReference; lastKnownFileType = image.png; path = "Default-568h@2x.png"; sourceTree = "<group>"; };
		8690AABE178319620082FE3B /* en */ = {isa = PBXFileReference; lastKnownFileType = file.storyboard; name = en; path = en.lproj/MainStoryboard_iPhone.storyboard; sourceTree = "<group>"; };
		8690AAC1178319620082FE3B /* en */ = {isa = PBXFileReference; lastKnownFileType = file.storyboard; name = en; path = en.lproj/MainStoryboard_iPad.storyboard; sourceTree = "<group>"; };
		8690AAC3178319620082FE3B /* ViewController.h */ = {isa = PBXFileReference; lastKnownFileType = sourcecode.c.h; name = ViewController.h; path = ThinkGamingStoreUI/ViewController.h; sourceTree = "<group>"; };
		8690AAC4178319630082FE3B /* ViewController.m */ = {isa = PBXFileReference; lastKnownFileType = sourcecode.c.objc; name = ViewController.m; path = ThinkGamingStoreUI/ViewController.m; sourceTree = "<group>"; };
		8690AACB178319630082FE3B /* ThinkGamingStoreUITests.octest */ = {isa = PBXFileReference; explicitFileType = wrapper.cfbundle; includeInIndex = 0; path = ThinkGamingStoreUITests.octest; sourceTree = BUILT_PRODUCTS_DIR; };
		8690AACC178319630082FE3B /* SenTestingKit.framework */ = {isa = PBXFileReference; lastKnownFileType = wrapper.framework; name = SenTestingKit.framework; path = Library/Frameworks/SenTestingKit.framework; sourceTree = DEVELOPER_DIR; };
		8690AAD4178319630082FE3B /* ThinkGamingStoreUITests-Info.plist */ = {isa = PBXFileReference; lastKnownFileType = text.plist.xml; path = "ThinkGamingStoreUITests-Info.plist"; sourceTree = "<group>"; };
		8690AAD6178319630082FE3B /* en */ = {isa = PBXFileReference; lastKnownFileType = text.plist.strings; name = en; path = en.lproj/InfoPlist.strings; sourceTree = "<group>"; };
		8690AAD8178319630082FE3B /* ThinkGamingStoreUITests.h */ = {isa = PBXFileReference; lastKnownFileType = sourcecode.c.h; path = ThinkGamingStoreUITests.h; sourceTree = "<group>"; };
		8690AAD9178319630082FE3B /* ThinkGamingStoreUITests.m */ = {isa = PBXFileReference; lastKnownFileType = sourcecode.c.objc; path = ThinkGamingStoreUITests.m; sourceTree = "<group>"; };
		8690AAE417831A660082FE3B /* ThinkGamingStoreUI.h */ = {isa = PBXFileReference; fileEncoding = 4; lastKnownFileType = sourcecode.c.h; path = ThinkGamingStoreUI.h; sourceTree = "<group>"; };
		8690AAE517831A660082FE3B /* ThinkGamingStoreUI.m */ = {isa = PBXFileReference; fileEncoding = 4; lastKnownFileType = sourcecode.c.objc; path = ThinkGamingStoreUI.m; sourceTree = "<group>"; };
		8690AAE617831A660082FE3B /* ThinkGamingStoreUIStoryBoard.storyboard */ = {isa = PBXFileReference; fileEncoding = 4; lastKnownFileType = file.storyboard; path = ThinkGamingStoreUIStoryBoard.storyboard; sourceTree = "<group>"; };
		8690AAE717831A660082FE3B /* ThinkGamingStoreUIViewController.h */ = {isa = PBXFileReference; fileEncoding = 4; lastKnownFileType = sourcecode.c.h; path = ThinkGamingStoreUIViewController.h; sourceTree = "<group>"; };
		8690AAE817831A660082FE3B /* ThinkGamingStoreUIViewController.m */ = {isa = PBXFileReference; fileEncoding = 4; lastKnownFileType = sourcecode.c.objc; path = ThinkGamingStoreUIViewController.m; sourceTree = "<group>"; };
		8690AAEC178351C70082FE3B /* Reveal.framework */ = {isa = PBXFileReference; lastKnownFileType = wrapper.framework; path = Reveal.framework; sourceTree = "<group>"; };
		8690AAEE178351EA0082FE3B /* QuartzCore.framework */ = {isa = PBXFileReference; lastKnownFileType = wrapper.framework; name = QuartzCore.framework; path = System/Library/Frameworks/QuartzCore.framework; sourceTree = SDKROOT; };
		8690AAF0178351F10082FE3B /* CFNetwork.framework */ = {isa = PBXFileReference; lastKnownFileType = wrapper.framework; name = CFNetwork.framework; path = System/Library/Frameworks/CFNetwork.framework; sourceTree = SDKROOT; };
/* End PBXFileReference section */

/* Begin PBXFrameworksBuildPhase section */
		8690AA9F178319620082FE3B /* Frameworks */ = {
			isa = PBXFrameworksBuildPhase;
			buildActionMask = 2147483647;
			files = (
				8690AAF1178351F10082FE3B /* CFNetwork.framework in Frameworks */,
				8690AAEF178351EA0082FE3B /* QuartzCore.framework in Frameworks */,
				8690AAA6178319620082FE3B /* UIKit.framework in Frameworks */,
				8690AAA8178319620082FE3B /* Foundation.framework in Frameworks */,
				8690AAAA178319620082FE3B /* CoreGraphics.framework in Frameworks */,
				8690AAED178351C70082FE3B /* Reveal.framework in Frameworks */,
			);
			runOnlyForDeploymentPostprocessing = 0;
		};
		8690AAC7178319630082FE3B /* Frameworks */ = {
			isa = PBXFrameworksBuildPhase;
			buildActionMask = 2147483647;
			files = (
				8690AACD178319630082FE3B /* SenTestingKit.framework in Frameworks */,
				8690AACE178319630082FE3B /* UIKit.framework in Frameworks */,
				8690AACF178319630082FE3B /* Foundation.framework in Frameworks */,
			);
			runOnlyForDeploymentPostprocessing = 0;
		};
/* End PBXFrameworksBuildPhase section */

/* Begin PBXGroup section */
		8614570A17845D0600B59BC9 /* ThinkGamingStoreUIStyle */ = {
			isa = PBXGroup;
			children = (
				8614570817845CFE00B59BC9 /* background.png */,
				8614570B17845E6600B59BC9 /* ThinkGamingStoreUIStyleAppearance.h */,
				8614570C17845E6600B59BC9 /* ThinkGamingStoreUIStyleAppearance.m */,
			);
			name = ThinkGamingStoreUIStyle;
			sourceTree = "<group>";
		};
		8690AA99178319620082FE3B = {
			isa = PBXGroup;
			children = (
				8614570A17845D0600B59BC9 /* ThinkGamingStoreUIStyle */,
				8690AAE317831A3B0082FE3B /* ThinkGamingStoreDemo */,
				8690AAAB178319620082FE3B /* ThinkGamingStoreUI */,
				8690AAD2178319630082FE3B /* ThinkGamingStoreUITests */,
				8690AAA4178319620082FE3B /* Frameworks */,
				8690AAA3178319620082FE3B /* Products */,
			);
			sourceTree = "<group>";
		};
		8690AAA3178319620082FE3B /* Products */ = {
			isa = PBXGroup;
			children = (
				8690AAA2178319620082FE3B /* ThinkGamingStoreUI.app */,
				8690AACB178319630082FE3B /* ThinkGamingStoreUITests.octest */,
			);
			name = Products;
			sourceTree = "<group>";
		};
		8690AAA4178319620082FE3B /* Frameworks */ = {
			isa = PBXGroup;
			children = (
				8690AAF0178351F10082FE3B /* CFNetwork.framework */,
				8690AAEE178351EA0082FE3B /* QuartzCore.framework */,
				8690AAEC178351C70082FE3B /* Reveal.framework */,
				8690AAA5178319620082FE3B /* UIKit.framework */,
				8690AAA7178319620082FE3B /* Foundation.framework */,
				8690AAA9178319620082FE3B /* CoreGraphics.framework */,
				8690AACC178319630082FE3B /* SenTestingKit.framework */,
			);
			name = Frameworks;
			sourceTree = "<group>";
		};
		8690AAAB178319620082FE3B /* ThinkGamingStoreUI */ = {
			isa = PBXGroup;
			children = (
				8690AAE417831A660082FE3B /* ThinkGamingStoreUI.h */,
				8690AAE517831A660082FE3B /* ThinkGamingStoreUI.m */,
				8690AAE617831A660082FE3B /* ThinkGamingStoreUIStoryBoard.storyboard */,
				8690AAE717831A660082FE3B /* ThinkGamingStoreUIViewController.h */,
				8690AAE817831A660082FE3B /* ThinkGamingStoreUIViewController.m */,
				8614570E17845EEF00B59BC9 /* ThinkGamingStoreUINavigationController.h */,
				8614570F17845EEF00B59BC9 /* ThinkGamingStoreUINavigationController.m */,
			);
			path = ThinkGamingStoreUI;
			sourceTree = "<group>";
		};
		8690AAAC178319620082FE3B /* Supporting Files */ = {
			isa = PBXGroup;
			children = (
				8690AAAD178319620082FE3B /* ThinkGamingStoreUI-Info.plist */,
				8690AAAE178319620082FE3B /* InfoPlist.strings */,
				8690AAB1178319620082FE3B /* main.m */,
				8690AAB3178319620082FE3B /* ThinkGamingStoreUI-Prefix.pch */,
				8690AAB7178319620082FE3B /* Default.png */,
				8690AAB9178319620082FE3B /* Default@2x.png */,
				8690AABB178319620082FE3B /* Default-568h@2x.png */,
			);
			name = "Supporting Files";
			path = ThinkGamingStoreUI;
			sourceTree = "<group>";
		};
		8690AAD2178319630082FE3B /* ThinkGamingStoreUITests */ = {
			isa = PBXGroup;
			children = (
				8690AAD8178319630082FE3B /* ThinkGamingStoreUITests.h */,
				8690AAD9178319630082FE3B /* ThinkGamingStoreUITests.m */,
				8690AAD3178319630082FE3B /* Supporting Files */,
			);
			path = ThinkGamingStoreUITests;
			sourceTree = "<group>";
		};
		8690AAD3178319630082FE3B /* Supporting Files */ = {
			isa = PBXGroup;
			children = (
				8690AAD4178319630082FE3B /* ThinkGamingStoreUITests-Info.plist */,
				8690AAD5178319630082FE3B /* InfoPlist.strings */,
			);
			name = "Supporting Files";
			sourceTree = "<group>";
		};
		8690AAE317831A3B0082FE3B /* ThinkGamingStoreDemo */ = {
			isa = PBXGroup;
			children = (
				8690AAB4178319620082FE3B /* AppDelegate.h */,
				8690AAB5178319620082FE3B /* AppDelegate.m */,
				8690AABD178319620082FE3B /* MainStoryboard_iPhone.storyboard */,
				8690AAC0178319620082FE3B /* MainStoryboard_iPad.storyboard */,
				8690AAC3178319620082FE3B /* ViewController.h */,
				8690AAC4178319630082FE3B /* ViewController.m */,
				8690AAAC178319620082FE3B /* Supporting Files */,
			);
			name = ThinkGamingStoreDemo;
			sourceTree = "<group>";
		};
/* End PBXGroup section */

/* Begin PBXNativeTarget section */
		8690AAA1178319620082FE3B /* ThinkGamingStoreUI */ = {
			isa = PBXNativeTarget;
			buildConfigurationList = 8690AADD178319630082FE3B /* Build configuration list for PBXNativeTarget "ThinkGamingStoreUI" */;
			buildPhases = (
				8690AA9E178319620082FE3B /* Sources */,
				8690AA9F178319620082FE3B /* Frameworks */,
				8690AAA0178319620082FE3B /* Resources */,
			);
			buildRules = (
			);
			dependencies = (
			);
			name = ThinkGamingStoreUI;
			productName = ThinkGamingStoreUI;
			productReference = 8690AAA2178319620082FE3B /* ThinkGamingStoreUI.app */;
			productType = "com.apple.product-type.application";
		};
		8690AACA178319630082FE3B /* ThinkGamingStoreUITests */ = {
			isa = PBXNativeTarget;
			buildConfigurationList = 8690AAE0178319630082FE3B /* Build configuration list for PBXNativeTarget "ThinkGamingStoreUITests" */;
			buildPhases = (
				8690AAC6178319630082FE3B /* Sources */,
				8690AAC7178319630082FE3B /* Frameworks */,
				8690AAC8178319630082FE3B /* Resources */,
				8690AAC9178319630082FE3B /* ShellScript */,
			);
			buildRules = (
			);
			dependencies = (
				8690AAD1178319630082FE3B /* PBXTargetDependency */,
			);
			name = ThinkGamingStoreUITests;
			productName = ThinkGamingStoreUITests;
			productReference = 8690AACB178319630082FE3B /* ThinkGamingStoreUITests.octest */;
			productType = "com.apple.product-type.bundle";
		};
/* End PBXNativeTarget section */

/* Begin PBXProject section */
		8690AA9A178319620082FE3B /* Project object */ = {
			isa = PBXProject;
			attributes = {
				LastUpgradeCheck = 0460;
				ORGANIZATIONNAME = ThinkGaming;
			};
			buildConfigurationList = 8690AA9D178319620082FE3B /* Build configuration list for PBXProject "ThinkGamingStoreUI" */;
			compatibilityVersion = "Xcode 3.2";
			developmentRegion = English;
			hasScannedForEncodings = 0;
			knownRegions = (
				en,
			);
			mainGroup = 8690AA99178319620082FE3B;
			productRefGroup = 8690AAA3178319620082FE3B /* Products */;
			projectDirPath = "";
			projectRoot = "";
			targets = (
				8690AAA1178319620082FE3B /* ThinkGamingStoreUI */,
				8690AACA178319630082FE3B /* ThinkGamingStoreUITests */,
			);
		};
/* End PBXProject section */

/* Begin PBXResourcesBuildPhase section */
		8690AAA0178319620082FE3B /* Resources */ = {
			isa = PBXResourcesBuildPhase;
			buildActionMask = 2147483647;
			files = (
				8690AAB0178319620082FE3B /* InfoPlist.strings in Resources */,
				8690AAB8178319620082FE3B /* Default.png in Resources */,
				8690AABA178319620082FE3B /* Default@2x.png in Resources */,
				8690AABC178319620082FE3B /* Default-568h@2x.png in Resources */,
				8690AABF178319620082FE3B /* MainStoryboard_iPhone.storyboard in Resources */,
				8690AAC2178319620082FE3B /* MainStoryboard_iPad.storyboard in Resources */,
				8690AAEA17831A660082FE3B /* ThinkGamingStoreUIStoryBoard.storyboard in Resources */,
				8614570917845CFE00B59BC9 /* background.png in Resources */,
			);
			runOnlyForDeploymentPostprocessing = 0;
		};
		8690AAC8178319630082FE3B /* Resources */ = {
			isa = PBXResourcesBuildPhase;
			buildActionMask = 2147483647;
			files = (
				8690AAD7178319630082FE3B /* InfoPlist.strings in Resources */,
			);
			runOnlyForDeploymentPostprocessing = 0;
		};
/* End PBXResourcesBuildPhase section */

/* Begin PBXShellScriptBuildPhase section */
		8690AAC9178319630082FE3B /* ShellScript */ = {
			isa = PBXShellScriptBuildPhase;
			buildActionMask = 2147483647;
			files = (
			);
			inputPaths = (
			);
			outputPaths = (
			);
			runOnlyForDeploymentPostprocessing = 0;
			shellPath = /bin/sh;
			shellScript = "# Run the unit tests in this test bundle.\n\"${SYSTEM_DEVELOPER_DIR}/Tools/RunUnitTests\"\n";
		};
/* End PBXShellScriptBuildPhase section */

/* Begin PBXSourcesBuildPhase section */
		8690AA9E178319620082FE3B /* Sources */ = {
			isa = PBXSourcesBuildPhase;
			buildActionMask = 2147483647;
			files = (
				8690AAB2178319620082FE3B /* main.m in Sources */,
				8690AAB6178319620082FE3B /* AppDelegate.m in Sources */,
				8690AAC5178319630082FE3B /* ViewController.m in Sources */,
				8690AAE917831A660082FE3B /* ThinkGamingStoreUI.m in Sources */,
				8690AAEB17831A660082FE3B /* ThinkGamingStoreUIViewController.m in Sources */,
				8614570D17845E6600B59BC9 /* ThinkGamingStoreUIStyleAppearance.m in Sources */,
				8614571017845EEF00B59BC9 /* ThinkGamingStoreUINavigationController.m in Sources */,
			);
			runOnlyForDeploymentPostprocessing = 0;
		};
		8690AAC6178319630082FE3B /* Sources */ = {
			isa = PBXSourcesBuildPhase;
			buildActionMask = 2147483647;
			files = (
				8690AADA178319630082FE3B /* ThinkGamingStoreUITests.m in Sources */,
			);
			runOnlyForDeploymentPostprocessing = 0;
		};
/* End PBXSourcesBuildPhase section */

/* Begin PBXTargetDependency section */
		8690AAD1178319630082FE3B /* PBXTargetDependency */ = {
			isa = PBXTargetDependency;
			target = 8690AAA1178319620082FE3B /* ThinkGamingStoreUI */;
			targetProxy = 8690AAD0178319630082FE3B /* PBXContainerItemProxy */;
		};
/* End PBXTargetDependency section */

/* Begin PBXVariantGroup section */
		8690AAAE178319620082FE3B /* InfoPlist.strings */ = {
			isa = PBXVariantGroup;
			children = (
				8690AAAF178319620082FE3B /* en */,
			);
			name = InfoPlist.strings;
			sourceTree = "<group>";
		};
		8690AABD178319620082FE3B /* MainStoryboard_iPhone.storyboard */ = {
			isa = PBXVariantGroup;
			children = (
				8690AABE178319620082FE3B /* en */,
			);
			name = MainStoryboard_iPhone.storyboard;
			path = ThinkGamingStoreUI;
			sourceTree = "<group>";
		};
		8690AAC0178319620082FE3B /* MainStoryboard_iPad.storyboard */ = {
			isa = PBXVariantGroup;
			children = (
				8690AAC1178319620082FE3B /* en */,
			);
			name = MainStoryboard_iPad.storyboard;
			path = ThinkGamingStoreUI;
			sourceTree = "<group>";
		};
		8690AAD5178319630082FE3B /* InfoPlist.strings */ = {
			isa = PBXVariantGroup;
			children = (
				8690AAD6178319630082FE3B /* en */,
			);
			name = InfoPlist.strings;
			sourceTree = "<group>";
		};
/* End PBXVariantGroup section */

/* Begin XCBuildConfiguration section */
		8690AADB178319630082FE3B /* Debug */ = {
			isa = XCBuildConfiguration;
			buildSettings = {
				ALWAYS_SEARCH_USER_PATHS = NO;
				CLANG_CXX_LANGUAGE_STANDARD = "gnu++0x";
				CLANG_CXX_LIBRARY = "libc++";
				CLANG_ENABLE_OBJC_ARC = YES;
				CLANG_WARN_CONSTANT_CONVERSION = YES;
				CLANG_WARN_EMPTY_BODY = YES;
				CLANG_WARN_ENUM_CONVERSION = YES;
				CLANG_WARN_INT_CONVERSION = YES;
				CLANG_WARN__DUPLICATE_METHOD_MATCH = YES;
				"CODE_SIGN_IDENTITY[sdk=iphoneos*]" = "iPhone Developer";
				COPY_PHASE_STRIP = NO;
				GCC_C_LANGUAGE_STANDARD = gnu99;
				GCC_DYNAMIC_NO_PIC = NO;
				GCC_OPTIMIZATION_LEVEL = 0;
				GCC_PREPROCESSOR_DEFINITIONS = (
					"DEBUG=1",
					"$(inherited)",
				);
				GCC_SYMBOLS_PRIVATE_EXTERN = NO;
				GCC_WARN_ABOUT_RETURN_TYPE = YES;
				GCC_WARN_UNINITIALIZED_AUTOS = YES;
				GCC_WARN_UNUSED_VARIABLE = YES;
				IPHONEOS_DEPLOYMENT_TARGET = 6.1;
				ONLY_ACTIVE_ARCH = YES;
				SDKROOT = iphoneos;
				TARGETED_DEVICE_FAMILY = "1,2";
			};
			name = Debug;
		};
		8690AADC178319630082FE3B /* Release */ = {
			isa = XCBuildConfiguration;
			buildSettings = {
				ALWAYS_SEARCH_USER_PATHS = NO;
				CLANG_CXX_LANGUAGE_STANDARD = "gnu++0x";
				CLANG_CXX_LIBRARY = "libc++";
				CLANG_ENABLE_OBJC_ARC = YES;
				CLANG_WARN_CONSTANT_CONVERSION = YES;
				CLANG_WARN_EMPTY_BODY = YES;
				CLANG_WARN_ENUM_CONVERSION = YES;
				CLANG_WARN_INT_CONVERSION = YES;
				CLANG_WARN__DUPLICATE_METHOD_MATCH = YES;
				"CODE_SIGN_IDENTITY[sdk=iphoneos*]" = "iPhone Developer";
				COPY_PHASE_STRIP = YES;
				GCC_C_LANGUAGE_STANDARD = gnu99;
				GCC_WARN_ABOUT_RETURN_TYPE = YES;
				GCC_WARN_UNINITIALIZED_AUTOS = YES;
				GCC_WARN_UNUSED_VARIABLE = YES;
				IPHONEOS_DEPLOYMENT_TARGET = 6.1;
				OTHER_CFLAGS = "-DNS_BLOCK_ASSERTIONS=1";
				SDKROOT = iphoneos;
				TARGETED_DEVICE_FAMILY = "1,2";
				VALIDATE_PRODUCT = YES;
			};
			name = Release;
		};
		8690AADE178319630082FE3B /* Debug */ = {
			isa = XCBuildConfiguration;
			buildSettings = {
				FRAMEWORK_SEARCH_PATHS = (
					"$(inherited)",
					"\"$(SRCROOT)\"",
				);
				GCC_PRECOMPILE_PREFIX_HEADER = YES;
				GCC_PREFIX_HEADER = "ThinkGamingStoreUI/ThinkGamingStoreUI-Prefix.pch";
				INFOPLIST_FILE = "ThinkGamingStoreUI/ThinkGamingStoreUI-Info.plist";
				OTHER_LDFLAGS = "-ObjC";
				PRODUCT_NAME = "$(TARGET_NAME)";
				WRAPPER_EXTENSION = app;
			};
			name = Debug;
		};
		8690AADF178319630082FE3B /* Release */ = {
			isa = XCBuildConfiguration;
			buildSettings = {
				FRAMEWORK_SEARCH_PATHS = (
					"$(inherited)",
					"\"$(SRCROOT)\"",
				);
				GCC_PRECOMPILE_PREFIX_HEADER = YES;
				GCC_PREFIX_HEADER = "ThinkGamingStoreUI/ThinkGamingStoreUI-Prefix.pch";
				INFOPLIST_FILE = "ThinkGamingStoreUI/ThinkGamingStoreUI-Info.plist";
				OTHER_LDFLAGS = "-ObjC";
				PRODUCT_NAME = "$(TARGET_NAME)";
				WRAPPER_EXTENSION = app;
			};
			name = Release;
		};
		8690AAE1178319630082FE3B /* Debug */ = {
			isa = XCBuildConfiguration;
			buildSettings = {
				BUNDLE_LOADER = "$(BUILT_PRODUCTS_DIR)/ThinkGamingStoreUI.app/ThinkGamingStoreUI";
				FRAMEWORK_SEARCH_PATHS = (
					"\"$(SDKROOT)/Developer/Library/Frameworks\"",
					"\"$(DEVELOPER_LIBRARY_DIR)/Frameworks\"",
				);
				GCC_PRECOMPILE_PREFIX_HEADER = YES;
				GCC_PREFIX_HEADER = "ThinkGamingStoreUI/ThinkGamingStoreUI-Prefix.pch";
				INFOPLIST_FILE = "ThinkGamingStoreUITests/ThinkGamingStoreUITests-Info.plist";
				PRODUCT_NAME = "$(TARGET_NAME)";
				TEST_HOST = "$(BUNDLE_LOADER)";
				WRAPPER_EXTENSION = octest;
			};
			name = Debug;
		};
		8690AAE2178319630082FE3B /* Release */ = {
			isa = XCBuildConfiguration;
			buildSettings = {
				BUNDLE_LOADER = "$(BUILT_PRODUCTS_DIR)/ThinkGamingStoreUI.app/ThinkGamingStoreUI";
				FRAMEWORK_SEARCH_PATHS = (
					"\"$(SDKROOT)/Developer/Library/Frameworks\"",
					"\"$(DEVELOPER_LIBRARY_DIR)/Frameworks\"",
				);
				GCC_PRECOMPILE_PREFIX_HEADER = YES;
				GCC_PREFIX_HEADER = "ThinkGamingStoreUI/ThinkGamingStoreUI-Prefix.pch";
				INFOPLIST_FILE = "ThinkGamingStoreUITests/ThinkGamingStoreUITests-Info.plist";
				PRODUCT_NAME = "$(TARGET_NAME)";
				TEST_HOST = "$(BUNDLE_LOADER)";
				WRAPPER_EXTENSION = octest;
			};
			name = Release;
		};
/* End XCBuildConfiguration section */

/* Begin XCConfigurationList section */
		8690AA9D178319620082FE3B /* Build configuration list for PBXProject "ThinkGamingStoreUI" */ = {
			isa = XCConfigurationList;
			buildConfigurations = (
				8690AADB178319630082FE3B /* Debug */,
				8690AADC178319630082FE3B /* Release */,
			);
			defaultConfigurationIsVisible = 0;
			defaultConfigurationName = Release;
		};
		8690AADD178319630082FE3B /* Build configuration list for PBXNativeTarget "ThinkGamingStoreUI" */ = {
			isa = XCConfigurationList;
			buildConfigurations = (
				8690AADE178319630082FE3B /* Debug */,
				8690AADF178319630082FE3B /* Release */,
			);
			defaultConfigurationIsVisible = 0;
			defaultConfigurationName = Release;
		};
		8690AAE0178319630082FE3B /* Build configuration list for PBXNativeTarget "ThinkGamingStoreUITests" */ = {
			isa = XCConfigurationList;
			buildConfigurations = (
				8690AAE1178319630082FE3B /* Debug */,
				8690AAE2178319630082FE3B /* Release */,
			);
			defaultConfigurationIsVisible = 0;
			defaultConfigurationName = Release;
		};
/* End XCConfigurationList section */
	};
	rootObject = 8690AA9A178319620082FE3B /* Project object */;
}
